{
  "version": 4,
  "terraform_version": "1.9.7",
  "serial": 529,
  "lineage": "b0a5273c-924c-1dc2-1302-0f60f0ca1ba4",
  "outputs": {},
  "resources": [
    {
      "module": "module.cloud_sql",
      "mode": "managed",
      "type": "google_sql_database_instance",
      "name": "sql_database_instance",
      "provider": "provider[\"registry.terraform.io/hashicorp/google\"]",
      "instances": [
        {
          "schema_version": 0,
          "attributes": {
            "available_maintenance_versions": [],
            "clone": [],
            "connection_name": "suara-nusa-dev-labs:us-central1:minimal-sql-instance",
            "database_version": "MYSQL_8_0_31",
            "deletion_protection": false,
            "dns_name": "",
            "encryption_key_name": null,
            "first_ip_address": "34.57.223.18",
            "id": "minimal-sql-instance",
            "instance_type": "CLOUD_SQL_INSTANCE",
            "ip_address": [
              {
                "ip_address": "34.57.223.18",
                "time_to_retire": "",
                "type": "PRIMARY"
              }
            ],
            "maintenance_version": "MYSQL_8_0_31.R20241020.00_00",
            "master_instance_name": "",
            "name": "minimal-sql-instance",
            "private_ip_address": "",
            "project": "suara-nusa-dev-labs",
            "psc_service_attachment_link": "",
            "public_ip_address": "34.57.223.18",
            "region": "us-central1",
            "replica_configuration": [],
            "restore_backup_context": [],
            "root_password": null,
            "self_link": "https://sqladmin.googleapis.com/sql/v1beta4/projects/suara-nusa-dev-labs/instances/minimal-sql-instance",
            "server_ca_cert": [
              {
                "cert": "-----BEGIN CERTIFICATE-----\nMIIDfzCCAmegAwIBAgIBADANBgkqhkiG9w0BAQsFADB3MS0wKwYDVQQuEyQ4MDZh\nOTkyYy0yNGIxLTQ4NDctOTU4OS1hMTc1YjBlN2Q4M2IxIzAhBgNVBAMTGkdvb2ds\nZSBDbG91ZCBTUUwgU2VydmVyIENBMRQwEgYDVQQKEwtHb29nbGUsIEluYzELMAkG\nA1UEBhMCVVMwHhcNMjQxMTA3MDMxMDM3WhcNMzQxMTA1MDMxMTM3WjB3MS0wKwYD\nVQQuEyQ4MDZhOTkyYy0yNGIxLTQ4NDctOTU4OS1hMTc1YjBlN2Q4M2IxIzAhBgNV\nBAMTGkdvb2dsZSBDbG91ZCBTUUwgU2VydmVyIENBMRQwEgYDVQQKEwtHb29nbGUs\nIEluYzELMAkGA1UEBhMCVVMwggEiMA0GCSqGSIb3DQEBAQUAA4IBDwAwggEKAoIB\nAQDIsOuHllUL3/llELGIWROFATEzfBac7hfGCI34ZaSOgNBxyTDaQBecfrH2vsCV\nwqvag/HKqzOQdTweIQ//PQ3+JtY6sduXT2urDxKHoMtgooDYVj5+dzNAH9hfvrZS\na//iT3hmYTeiz4DrkIatR9GWuKXGe3wb7ARtirxoaUIonLLrhSInJ4kgYRO0d0lb\nZznA6tGPJ9YJ93HTT4jmF88B6uKhVc9ePnD3Kcb1qiDJWZA8eD3BbOZQoRuext90\negnm78YCz5FTJUrzY9rsfNt9Qx7CK0ZKsLHLlmTKaJqyuKIyYbYpkMeiTyMwXqwq\nTrNFKj8u6N5K+WcKMRX9liqTAgMBAAGjFjAUMBIGA1UdEwEB/wQIMAYBAf8CAQAw\nDQYJKoZIhvcNAQELBQADggEBAEcGcffWgbM3WBX25Xz1aQqhAajszPPU/Y759zyQ\nONab/ff3P4iKOcyZfSvFOAtVOE5E0Zsx/SEvpaTB0a3slP9cuJJ3ShLxiPLJ6arJ\nnoFdNh2Lyb8LWFJKqxp/z/kS99f+FLozPyKzYdM7OAww9byhGW9ZbRdlVN4nhe8e\nzm3yavs8K+A4SvVh++puab/42O4JH7owy7s2juuJrl7pXNMB5OF9Ym+fdunjf4Bj\nmqGVw6Pf7glDnFhantQKLjSyP042Mggn3gsdk1iud8wq2eseNs5lIt5ewFRw5QXs\n78x1r2PYiE6qBu9v8AK7G210NCKpY6XnRAB8wivX8lQnbiY=\n-----END CERTIFICATE-----",
                "common_name": "C=US,O=Google\\, Inc,CN=Google Cloud SQL Server CA,dnQualifier=806a992c-24b1-4847-9589-a175b0e7d83b",
                "create_time": "2024-11-07T03:10:37.930Z",
                "expiration_time": "2034-11-05T03:11:37.930Z",
                "sha1_fingerprint": "5c661dd0c70bd703463381cc13107b5ec0a0a14c"
              }
            ],
            "service_account_email_address": "p370820562501-ejuy0e@gcp-sa-cloud-sql.iam.gserviceaccount.com",
            "settings": [
              {
                "activation_policy": "ALWAYS",
                "active_directory_config": [],
                "advanced_machine_features": [],
                "availability_type": "ZONAL",
                "backup_configuration": [
                  {
                    "backup_retention_settings": [
                      {
                        "retained_backups": 7,
                        "retention_unit": "COUNT"
                      }
                    ],
                    "binary_log_enabled": false,
                    "enabled": false,
                    "location": "",
                    "point_in_time_recovery_enabled": false,
                    "start_time": "03:00",
                    "transaction_log_retention_days": 7
                  }
                ],
                "collation": "",
                "connector_enforcement": "NOT_REQUIRED",
                "data_cache_config": [],
                "database_flags": [],
                "deletion_protection_enabled": false,
                "deny_maintenance_period": [],
                "disk_autoresize": true,
                "disk_autoresize_limit": 0,
                "disk_size": 10,
                "disk_type": "PD_SSD",
                "edition": "ENTERPRISE",
                "enable_dataplex_integration": false,
                "enable_google_ml_integration": false,
                "insights_config": [],
                "ip_configuration": [
                  {
                    "allocated_ip_range": "",
                    "authorized_networks": [],
                    "enable_private_path_for_google_cloud_services": false,
                    "ipv4_enabled": true,
                    "private_network": "",
                    "psc_config": [],
                    "server_ca_mode": "GOOGLE_MANAGED_INTERNAL_CA",
                    "ssl_mode": "ALLOW_UNENCRYPTED_AND_ENCRYPTED"
                  }
                ],
                "location_preference": [
                  {
                    "follow_gae_application": "",
                    "secondary_zone": "",
                    "zone": "us-central1-f"
                  }
                ],
                "maintenance_window": [],
                "password_validation_policy": [],
                "pricing_plan": "PER_USE",
                "sql_server_audit_config": [],
                "tier": "db-f1-micro",
                "time_zone": "",
                "user_labels": {},
                "version": 3
              }
            ],
            "timeouts": null
          },
          "sensitive_attributes": [
            [
              {
                "type": "get_attr",
                "value": "server_ca_cert"
              }
            ],
            [
              {
                "type": "get_attr",
                "value": "root_password"
              }
            ]
          ],
          "private": "eyJlMmJmYjczMC1lY2FhLTExZTYtOGY4OC0zNDM2M2JjN2M0YzAiOnsiY3JlYXRlIjo1NDAwMDAwMDAwMDAwLCJkZWxldGUiOjU0MDAwMDAwMDAwMDAsInVwZGF0ZSI6NTQwMDAwMDAwMDAwMH19"
        }
      ]
    },
    {
      "module": "module.cloud_sql",
      "mode": "managed",
      "type": "google_sql_user",
      "name": "root",
      "provider": "provider[\"registry.terraform.io/hashicorp/google\"]",
      "instances": [
        {
          "schema_version": 1,
          "attributes": {
            "deletion_policy": null,
            "host": "",
            "id": "root//minimal-sql-instance",
            "instance": "minimal-sql-instance",
            "name": "root",
            "password": "root",
            "password_policy": [],
            "project": "suara-nusa-dev-labs",
            "sql_server_user_details": [],
            "timeouts": null,
            "type": ""
          },
          "sensitive_attributes": [
            [
              {
                "type": "get_attr",
                "value": "password"
              }
            ]
          ],
          "private": "eyJlMmJmYjczMC1lY2FhLTExZTYtOGY4OC0zNDM2M2JjN2M0YzAiOnsiY3JlYXRlIjo2MDAwMDAwMDAwMDAsImRlbGV0ZSI6NjAwMDAwMDAwMDAwLCJ1cGRhdGUiOjYwMDAwMDAwMDAwMH0sInNjaGVtYV92ZXJzaW9uIjoiMSJ9",
          "dependencies": [
            "module.cloud_sql.google_sql_database_instance.sql_database_instance"
          ]
        }
      ]
    }
  ],
  "check_results": null
}
