{
  "version": 4,
  "terraform_version": "1.9.7",
  "serial": 118,
  "lineage": "b0a5273c-924c-1dc2-1302-0f60f0ca1ba4",
  "outputs": {},
  "resources": [
    {
      "module": "module.cloud_build",
      "mode": "data",
      "type": "google_container_registry_image",
      "name": "suara_nusa_api_image",
      "provider": "provider[\"registry.terraform.io/hashicorp/google\"]",
      "instances": [
        {
          "schema_version": 0,
          "attributes": {
            "digest": null,
            "id": "gcr.io/suara-nusa-dev-labs/us-central1-docker.pkg.dev/suara-nusa-dev-labs/suara-nusa-dev-labs/suara-nusa-api",
            "image_url": "gcr.io/suara-nusa-dev-labs/us-central1-docker.pkg.dev/suara-nusa-dev-labs/suara-nusa-dev-labs/suara-nusa-api",
            "name": "us-central1-docker.pkg.dev/suara-nusa-dev-labs/suara-nusa-dev-labs/suara-nusa-api",
            "project": "suara-nusa-dev-labs",
            "region": null,
            "tag": null
          },
          "sensitive_attributes": []
        }
      ]
    },
    {
      "module": "module.cloud_build",
      "mode": "managed",
      "type": "google_cloudbuild_trigger",
      "name": "trigger-api",
      "provider": "provider[\"registry.terraform.io/hashicorp/google\"]",
      "instances": [
        {
          "schema_version": 2,
          "attributes": {
            "approval_config": [
              {
                "approval_required": false
              }
            ],
            "bitbucket_server_trigger_config": [],
            "build": [
              {
                "artifacts": [],
                "available_secrets": [],
                "images": [
                  "us-central1-docker.pkg.dev/suara-nusa-dev-labs/suara-nusa-dev-labs/suara-nusa-api"
                ],
                "logs_bucket": "",
                "options": [
                  {
                    "disk_size_gb": 0,
                    "dynamic_substitutions": false,
                    "env": null,
                    "log_streaming_option": "",
                    "logging": "CLOUD_LOGGING_ONLY",
                    "machine_type": "",
                    "requested_verify_option": "",
                    "secret_env": null,
                    "source_provenance_hash": null,
                    "substitution_option": "",
                    "volumes": [],
                    "worker_pool": ""
                  }
                ],
                "queue_ttl": "",
                "secret": [],
                "source": [],
                "step": [
                  {
                    "allow_exit_codes": null,
                    "allow_failure": false,
                    "args": [
                      "build",
                      "-t",
                      "us-central1-docker.pkg.dev/suara-nusa-dev-labs/suara-nusa-dev-labs/suara-nusa-api",
                      "."
                    ],
                    "dir": "",
                    "entrypoint": "",
                    "env": null,
                    "id": "",
                    "name": "gcr.io/cloud-builders/docker",
                    "script": "",
                    "secret_env": null,
                    "timeout": "",
                    "timing": "",
                    "volumes": [],
                    "wait_for": null
                  },
                  {
                    "allow_exit_codes": null,
                    "allow_failure": false,
                    "args": [
                      "push",
                      "us-central1-docker.pkg.dev/suara-nusa-dev-labs/suara-nusa-dev-labs/suara-nusa-api"
                    ],
                    "dir": "",
                    "entrypoint": "",
                    "env": null,
                    "id": "",
                    "name": "gcr.io/cloud-builders/docker",
                    "script": "",
                    "secret_env": null,
                    "timeout": "",
                    "timing": "",
                    "volumes": [],
                    "wait_for": null
                  },
                  {
                    "allow_exit_codes": null,
                    "allow_failure": false,
                    "args": [
                      "run",
                      "deploy",
                      "suara-nusa-api",
                      "--image",
                      "us-central1-docker.pkg.dev/suara-nusa-dev-labs/suara-nusa-dev-labs/suara-nusa-api",
                      "--region",
                      "us-central1",
                      "--platform",
                      "managed",
                      "--allow-unauthenticated",
                      "--set-env-vars",
                      "DATABASE_URL=mysql://root:root@localhost:3306/nest_suara_nusa_api?schema=public",
                      "--set-env-vars",
                      "JWT_SECRET_KEY=reallySecretKey",
                      "--set-env-vars",
                      "GOOGLE_CLIENT_ID=68022646682-25ckc588cscgnb3bg4g7nipe5bkeger9.apps.googleusercontent.com",
                      "--set-env-vars",
                      "GOOGLE_CLIENT_SECRET_KEY=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",
                      "--set-env-vars",
                      "GOOGLE_CLIENT_CALLBACK_URL=http://localhost:3000/authentication/google-redirect",
                      "--set-env-vars",
                      "NODE_MAILER_HOST=sandbox.smtp.mailtrap.io",
                      "--set-env-vars",
                      "NODE_MAILER_PORT=587",
                      "--set-env-vars",
                      "NODE_MAILER_USERNAME=a8939388d3a706",
                      "--set-env-vars",
                      "NODE_MAILER_PASSWORD=e026d9ce74f41e",
                      "--set-env-vars",
                      "NODE_MAILER_IS_SECURE=false",
                      "--set-env-vars",
                      "NODE_MAILER_DEFAULT_ADDRESS=admin@suaranusa.com",
                      "--set-env-vars",
                      "NODE_MAILER_APP_NAME=SuaraNusa"
                    ],
                    "dir": "",
                    "entrypoint": "gcloud",
                    "env": null,
                    "id": "",
                    "name": "gcr.io/google.com/cloudsdktool/cloud-sdk",
                    "script": "",
                    "secret_env": null,
                    "timeout": "",
                    "timing": "",
                    "volumes": [],
                    "wait_for": null
                  }
                ],
                "substitutions": null,
                "tags": null,
                "timeout": "600s"
              }
            ],
            "create_time": "2024-11-03T17:26:07.377439305Z",
            "description": "",
            "disabled": false,
            "filename": "",
            "filter": "",
            "git_file_source": [],
            "github": [],
            "id": "projects/suara-nusa-dev-labs/locations/us-central1/triggers/4693fb77-c4f0-463e-92a1-6167c8be94cc",
            "ignored_files": null,
            "include_build_logs": "",
            "included_files": null,
            "location": "us-central1",
            "name": "trigger-api",
            "project": "suara-nusa-dev-labs",
            "pubsub_config": [],
            "repository_event_config": [
              {
                "pull_request": [],
                "push": [
                  {
                    "branch": "main",
                    "invert_regex": false,
                    "tag": ""
                  }
                ],
                "repository": "projects/suara-nusa-dev-labs/locations/us-central1/connections/suara-nusa-connection/repositories/suara-nusa-repository"
              }
            ],
            "service_account": "projects/suara-nusa-dev-labs/serviceAccounts/cloudbuild-sa@suara-nusa-dev-labs.iam.gserviceaccount.com",
            "source_to_build": [],
            "substitutions": null,
            "tags": null,
            "timeouts": null,
            "trigger_id": "4693fb77-c4f0-463e-92a1-6167c8be94cc",
            "trigger_template": [],
            "webhook_config": []
          },
          "sensitive_attributes": [],
          "private": "eyJlMmJmYjczMC1lY2FhLTExZTYtOGY4OC0zNDM2M2JjN2M0YzAiOnsiY3JlYXRlIjoxMjAwMDAwMDAwMDAwLCJkZWxldGUiOjEyMDAwMDAwMDAwMDAsInVwZGF0ZSI6MTIwMDAwMDAwMDAwMH0sInNjaGVtYV92ZXJzaW9uIjoiMiJ9",
          "dependencies": [
            "module.cloud_build.google_cloudbuildv2_connection.github_connection",
            "module.cloud_build.google_cloudbuildv2_repository.repository",
            "module.cloud_build.google_secret_manager_secret.github-token-secret",
            "module.cloud_build.google_secret_manager_secret_version.github-token-secret-version",
            "module.service_account.google_service_account.cloudbuild_service_account"
          ]
        }
      ]
    },
    {
      "module": "module.cloud_build",
      "mode": "managed",
      "type": "google_cloudbuildv2_connection",
      "name": "github_connection",
      "provider": "provider[\"registry.terraform.io/hashicorp/google\"]",
      "instances": [
        {
          "schema_version": 0,
          "attributes": {
            "annotations": null,
            "bitbucket_cloud_config": [],
            "bitbucket_data_center_config": [],
            "create_time": "2024-11-03T17:25:59.212967903Z",
            "disabled": false,
            "effective_annotations": {},
            "etag": "B6A5joJE81VAhL_y9_SRT0QuakCK6dITND3kfhgQ2O0",
            "github_config": [
              {
                "app_installation_id": 56674188,
                "authorizer_credential": [
                  {
                    "oauth_token_secret_version": "projects/370820562501/secrets/github-token-secret/versions/1",
                    "username": ""
                  }
                ]
              }
            ],
            "github_enterprise_config": [],
            "gitlab_config": [],
            "id": "projects/suara-nusa-dev-labs/locations/us-central1/connections/suara-nusa-connection",
            "installation_state": [
              {
                "action_uri": "",
                "message": "",
                "stage": "COMPLETE"
              }
            ],
            "location": "us-central1",
            "name": "suara-nusa-connection",
            "project": "suara-nusa-dev-labs",
            "reconciling": false,
            "timeouts": null,
            "update_time": "2024-11-03T17:25:59.865308167Z"
          },
          "sensitive_attributes": [],
          "private": "eyJlMmJmYjczMC1lY2FhLTExZTYtOGY4OC0zNDM2M2JjN2M0YzAiOnsiY3JlYXRlIjoxMjAwMDAwMDAwMDAwLCJkZWxldGUiOjEyMDAwMDAwMDAwMDAsInVwZGF0ZSI6MTIwMDAwMDAwMDAwMH19",
          "dependencies": [
            "module.cloud_build.google_secret_manager_secret.github-token-secret",
            "module.cloud_build.google_secret_manager_secret_version.github-token-secret-version"
          ]
        }
      ]
    },
    {
      "module": "module.cloud_build",
      "mode": "managed",
      "type": "google_cloudbuildv2_repository",
      "name": "repository",
      "provider": "provider[\"registry.terraform.io/hashicorp/google\"]",
      "instances": [
        {
          "schema_version": 0,
          "attributes": {
            "annotations": null,
            "create_time": "2024-11-03T17:26:03.156506429Z",
            "effective_annotations": {},
            "etag": "c0ugjHCFTURFbjQdyq7BYfc3-F6X7VSaTReTkzH1-6M",
            "id": "projects/suara-nusa-dev-labs/locations/us-central1/connections/suara-nusa-connection/repositories/suara-nusa-repository",
            "location": "us-central1",
            "name": "suara-nusa-repository",
            "parent_connection": "projects/suara-nusa-dev-labs/locations/us-central1/connections/suara-nusa-connection",
            "project": "suara-nusa-dev-labs",
            "remote_uri": "https://github.com/SuaraNusa/nest-suara-nusa-api.git",
            "timeouts": null,
            "update_time": "2024-11-03T17:26:03.842413182Z"
          },
          "sensitive_attributes": [],
          "private": "eyJlMmJmYjczMC1lY2FhLTExZTYtOGY4OC0zNDM2M2JjN2M0YzAiOnsiY3JlYXRlIjoxMjAwMDAwMDAwMDAwLCJkZWxldGUiOjEyMDAwMDAwMDAwMDB9fQ==",
          "dependencies": [
            "module.cloud_build.google_cloudbuildv2_connection.github_connection",
            "module.cloud_build.google_secret_manager_secret.github-token-secret",
            "module.cloud_build.google_secret_manager_secret_version.github-token-secret-version"
          ]
        }
      ]
    },
    {
      "module": "module.cloud_build",
      "mode": "managed",
      "type": "google_project_iam_member",
      "name": "cloudbuild_sa_secret_accessor",
      "provider": "provider[\"registry.terraform.io/hashicorp/google\"]",
      "instances": [
        {
          "schema_version": 0,
          "attributes": {
            "condition": [],
            "etag": "BwYmBXYEFTU=",
            "id": "suara-nusa-dev-labs/roles/secretmanager.secretAccessor/serviceAccount:service-370820562501@gcp-sa-cloudbuild.iam.gserviceaccount.com",
            "member": "serviceAccount:service-370820562501@gcp-sa-cloudbuild.iam.gserviceaccount.com",
            "project": "suara-nusa-dev-labs",
            "role": "roles/secretmanager.secretAccessor"
          },
          "sensitive_attributes": [],
          "private": "bnVsbA=="
        }
      ]
    },
    {
      "module": "module.cloud_build",
      "mode": "managed",
      "type": "google_secret_manager_secret",
      "name": "github-token-secret",
      "provider": "provider[\"registry.terraform.io/hashicorp/google\"]",
      "instances": [
        {
          "schema_version": 0,
          "attributes": {
            "annotations": null,
            "create_time": "2024-11-03T17:25:52.686053Z",
            "effective_annotations": {},
            "effective_labels": {
              "goog-terraform-provisioned": "true"
            },
            "expire_time": "",
            "id": "projects/suara-nusa-dev-labs/secrets/github-token-secret",
            "labels": null,
            "name": "projects/370820562501/secrets/github-token-secret",
            "project": "suara-nusa-dev-labs",
            "replication": [
              {
                "auto": [
                  {
                    "customer_managed_encryption": []
                  }
                ],
                "user_managed": []
              }
            ],
            "rotation": [],
            "secret_id": "github-token-secret",
            "terraform_labels": {
              "goog-terraform-provisioned": "true"
            },
            "timeouts": null,
            "topics": [],
            "ttl": null,
            "version_aliases": null,
            "version_destroy_ttl": ""
          },
          "sensitive_attributes": [],
          "private": "eyJlMmJmYjczMC1lY2FhLTExZTYtOGY4OC0zNDM2M2JjN2M0YzAiOnsiY3JlYXRlIjoxMjAwMDAwMDAwMDAwLCJkZWxldGUiOjEyMDAwMDAwMDAwMDAsInVwZGF0ZSI6MTIwMDAwMDAwMDAwMH19"
        }
      ]
    },
    {
      "module": "module.cloud_build",
      "mode": "managed",
      "type": "google_secret_manager_secret_version",
      "name": "github-token-secret-version",
      "provider": "provider[\"registry.terraform.io/hashicorp/google\"]",
      "instances": [
        {
          "schema_version": 0,
          "attributes": {
            "create_time": "2024-11-03T17:25:56.221149Z",
            "deletion_policy": "DELETE",
            "destroy_time": "",
            "enabled": true,
            "id": "projects/370820562501/secrets/github-token-secret/versions/1",
            "is_secret_data_base64": false,
            "name": "projects/370820562501/secrets/github-token-secret/versions/1",
            "secret": "projects/suara-nusa-dev-labs/secrets/github-token-secret",
            "secret_data": "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",
            "timeouts": null,
            "version": "1"
          },
          "sensitive_attributes": [
            [
              {
                "type": "get_attr",
                "value": "secret_data"
              }
            ]
          ],
          "private": "eyJlMmJmYjczMC1lY2FhLTExZTYtOGY4OC0zNDM2M2JjN2M0YzAiOnsiY3JlYXRlIjoxMjAwMDAwMDAwMDAwLCJkZWxldGUiOjEyMDAwMDAwMDAwMDAsInVwZGF0ZSI6MTIwMDAwMDAwMDAwMH19",
          "dependencies": [
            "module.cloud_build.google_secret_manager_secret.github-token-secret"
          ]
        }
      ]
    },
    {
      "module": "module.container_registry",
      "mode": "managed",
      "type": "google_artifact_registry_repository",
      "name": "suara-nusa-repository",
      "provider": "provider[\"registry.terraform.io/hashicorp/google\"]",
      "instances": [
        {
          "schema_version": 0,
          "attributes": {
            "cleanup_policies": [],
            "cleanup_policy_dry_run": false,
            "create_time": "2024-11-03T17:25:53.833994Z",
            "description": "Docker repository for using the schema registry",
            "docker_config": [],
            "effective_labels": {
              "goog-terraform-provisioned": "true"
            },
            "format": "DOCKER",
            "id": "projects/suara-nusa-dev-labs/locations/us-central1/repositories/suara-nusa-dev-labs",
            "kms_key_name": "",
            "labels": null,
            "location": "us-central1",
            "maven_config": [],
            "mode": "STANDARD_REPOSITORY",
            "name": "suara-nusa-dev-labs",
            "project": "suara-nusa-dev-labs",
            "remote_repository_config": [],
            "repository_id": "suara-nusa-dev-labs",
            "terraform_labels": {
              "goog-terraform-provisioned": "true"
            },
            "timeouts": null,
            "update_time": "2024-11-03T17:25:53.833994Z",
            "virtual_repository_config": []
          },
          "sensitive_attributes": [],
          "private": "eyJlMmJmYjczMC1lY2FhLTExZTYtOGY4OC0zNDM2M2JjN2M0YzAiOnsiY3JlYXRlIjoxMjAwMDAwMDAwMDAwLCJkZWxldGUiOjEyMDAwMDAwMDAwMDAsInVwZGF0ZSI6MTIwMDAwMDAwMDAwMH19"
        }
      ]
    },
    {
      "module": "module.service_account",
      "mode": "managed",
      "type": "google_project_iam_member",
      "name": "act_as",
      "provider": "provider[\"registry.terraform.io/hashicorp/google\"]",
      "instances": [
        {
          "schema_version": 0,
          "attributes": {
            "condition": [],
            "etag": "BwYmBXbTmu4=",
            "id": "suara-nusa-dev-labs/roles/iam.serviceAccountUser/serviceAccount:cloudbuild-sa@suara-nusa-dev-labs.iam.gserviceaccount.com",
            "member": "serviceAccount:cloudbuild-sa@suara-nusa-dev-labs.iam.gserviceaccount.com",
            "project": "suara-nusa-dev-labs",
            "role": "roles/iam.serviceAccountUser"
          },
          "sensitive_attributes": [],
          "private": "bnVsbA==",
          "dependencies": [
            "module.service_account.google_service_account.cloudbuild_service_account"
          ]
        }
      ]
    },
    {
      "module": "module.service_account",
      "mode": "managed",
      "type": "google_project_iam_member",
      "name": "artifact_registry_writer",
      "provider": "provider[\"registry.terraform.io/hashicorp/google\"]",
      "instances": [
        {
          "schema_version": 0,
          "attributes": {
            "condition": [],
            "etag": "BwYmBXbTmu4=",
            "id": "suara-nusa-dev-labs/roles/artifactregistry.writer/serviceAccount:cloudbuild-sa@suara-nusa-dev-labs.iam.gserviceaccount.com",
            "member": "serviceAccount:cloudbuild-sa@suara-nusa-dev-labs.iam.gserviceaccount.com",
            "project": "suara-nusa-dev-labs",
            "role": "roles/artifactregistry.writer"
          },
          "sensitive_attributes": [],
          "private": "bnVsbA==",
          "dependencies": [
            "module.service_account.google_service_account.cloudbuild_service_account"
          ]
        }
      ]
    },
    {
      "module": "module.service_account",
      "mode": "managed",
      "type": "google_project_iam_member",
      "name": "cloud_run_developer",
      "provider": "provider[\"registry.terraform.io/hashicorp/google\"]",
      "instances": [
        {
          "schema_version": 0,
          "attributes": {
            "condition": [],
            "etag": "BwYmBXbTmu4=",
            "id": "suara-nusa-dev-labs/roles/run.developer/serviceAccount:cloudbuild-sa@suara-nusa-dev-labs.iam.gserviceaccount.com",
            "member": "serviceAccount:cloudbuild-sa@suara-nusa-dev-labs.iam.gserviceaccount.com",
            "project": "suara-nusa-dev-labs",
            "role": "roles/run.developer"
          },
          "sensitive_attributes": [],
          "private": "bnVsbA==",
          "dependencies": [
            "module.service_account.google_service_account.cloudbuild_service_account"
          ]
        }
      ]
    },
    {
      "module": "module.service_account",
      "mode": "managed",
      "type": "google_project_iam_member",
      "name": "logs_writer",
      "provider": "provider[\"registry.terraform.io/hashicorp/google\"]",
      "instances": [
        {
          "schema_version": 0,
          "attributes": {
            "condition": [],
            "etag": "BwYmBXbTmu4=",
            "id": "suara-nusa-dev-labs/roles/logging.logWriter/serviceAccount:cloudbuild-sa@suara-nusa-dev-labs.iam.gserviceaccount.com",
            "member": "serviceAccount:cloudbuild-sa@suara-nusa-dev-labs.iam.gserviceaccount.com",
            "project": "suara-nusa-dev-labs",
            "role": "roles/logging.logWriter"
          },
          "sensitive_attributes": [],
          "private": "bnVsbA==",
          "dependencies": [
            "module.service_account.google_service_account.cloudbuild_service_account"
          ]
        }
      ]
    },
    {
      "module": "module.service_account",
      "mode": "managed",
      "type": "google_service_account",
      "name": "cloudbuild_service_account",
      "provider": "provider[\"registry.terraform.io/hashicorp/google\"]",
      "instances": [
        {
          "schema_version": 0,
          "attributes": {
            "account_id": "cloudbuild-sa",
            "create_ignore_already_exists": null,
            "description": "Cloud build service account",
            "disabled": false,
            "display_name": "cloudbuild-sa",
            "email": "cloudbuild-sa@suara-nusa-dev-labs.iam.gserviceaccount.com",
            "id": "projects/suara-nusa-dev-labs/serviceAccounts/cloudbuild-sa@suara-nusa-dev-labs.iam.gserviceaccount.com",
            "member": "serviceAccount:cloudbuild-sa@suara-nusa-dev-labs.iam.gserviceaccount.com",
            "name": "projects/suara-nusa-dev-labs/serviceAccounts/cloudbuild-sa@suara-nusa-dev-labs.iam.gserviceaccount.com",
            "project": "suara-nusa-dev-labs",
            "timeouts": null,
            "unique_id": "113358405215594886247"
          },
          "sensitive_attributes": [],
          "private": "eyJlMmJmYjczMC1lY2FhLTExZTYtOGY4OC0zNDM2M2JjN2M0YzAiOnsiY3JlYXRlIjozMDAwMDAwMDAwMDB9fQ=="
        }
      ]
    }
  ],
  "check_results": null
}
