{
  "version": 4,
  "terraform_version": "1.9.7",
  "serial": 322,
  "lineage": "c2ae0c72-0e26-d7a5-d071-330e545e7ea7",
  "outputs": {},
  "resources": [
    {
      "module": "module.cloud_build",
      "mode": "data",
      "type": "google_container_registry_image",
      "name": "suara_nusa_api_image",
      "provider": "provider[\"registry.terraform.io/hashicorp/google\"]",
      "instances": [
        {
          "schema_version": 0,
          "attributes": {
            "digest": null,
            "id": "gcr.io/suara-nusa-labs/gcr.io/suara-nusa-labs/suara-nusa-api",
            "image_url": "gcr.io/suara-nusa-labs/gcr.io/suara-nusa-labs/suara-nusa-api",
            "name": "gcr.io/suara-nusa-labs/suara-nusa-api",
            "project": "suara-nusa-labs",
            "region": null,
            "tag": null
          },
          "sensitive_attributes": []
        }
      ]
    },
    {
      "module": "module.cloud_build",
      "mode": "managed",
      "type": "google_cloudbuild_trigger",
      "name": "trigger-api",
      "provider": "provider[\"registry.terraform.io/hashicorp/google\"]",
      "instances": [
        {
          "schema_version": 2,
          "attributes": {
            "approval_config": [
              {
                "approval_required": false
              }
            ],
            "bitbucket_server_trigger_config": [],
            "build": [
              {
                "artifacts": [],
                "available_secrets": [],
                "images": [
                  "us-west1-docker.pkg.dev/suara-nusa-labs/suara-nusa-labs/suara-nusa-api"
                ],
                "logs_bucket": "",
                "options": [],
                "queue_ttl": "",
                "secret": [],
                "source": [],
                "step": [
                  {
                    "allow_exit_codes": null,
                    "allow_failure": false,
                    "args": [
                      "build",
                      "-t",
                      "us-west1-docker.pkg.dev/suara-nusa-labs/suara-nusa-labs/suara-nusa-api",
                      "."
                    ],
                    "dir": "",
                    "entrypoint": "",
                    "env": null,
                    "id": "",
                    "name": "gcr.io/cloud-builders/docker",
                    "script": "",
                    "secret_env": null,
                    "timeout": "",
                    "timing": "",
                    "volumes": [],
                    "wait_for": null
                  },
                  {
                    "allow_exit_codes": null,
                    "allow_failure": false,
                    "args": [
                      "push",
                      "us-west1-docker.pkg.dev/suara-nusa-labs/suara-nusa-labs/suara-nusa-api"
                    ],
                    "dir": "",
                    "entrypoint": "",
                    "env": null,
                    "id": "",
                    "name": "gcr.io/cloud-builders/docker",
                    "script": "",
                    "secret_env": null,
                    "timeout": "",
                    "timing": "",
                    "volumes": [],
                    "wait_for": null
                  }
                ],
                "substitutions": null,
                "tags": null,
                "timeout": "600s"
              }
            ],
            "create_time": "2024-11-02T10:04:03.848141714Z",
            "description": "",
            "disabled": false,
            "filename": "",
            "filter": "",
            "git_file_source": [],
            "github": [],
            "id": "projects/suara-nusa-labs/locations/us-west1/triggers/15617159-360e-41aa-9a97-eb5cbdefeb46",
            "ignored_files": null,
            "include_build_logs": "",
            "included_files": null,
            "location": "us-west1",
            "name": "trigger-api",
            "project": "suara-nusa-labs",
            "pubsub_config": [],
            "repository_event_config": [
              {
                "pull_request": [],
                "push": [
                  {
                    "branch": "main",
                    "invert_regex": false,
                    "tag": ""
                  }
                ],
                "repository": "projects/suara-nusa-labs/locations/us-west1/connections/suara-nusa-connection/repositories/suara-nusa-repository"
              }
            ],
            "service_account": "projects/suara-nusa-labs/serviceAccounts/cloudbuild-sa@suara-nusa-labs.iam.gserviceaccount.com",
            "source_to_build": [],
            "substitutions": null,
            "tags": null,
            "timeouts": null,
            "trigger_id": "15617159-360e-41aa-9a97-eb5cbdefeb46",
            "trigger_template": [],
            "webhook_config": []
          },
          "sensitive_attributes": [],
          "private": "eyJlMmJmYjczMC1lY2FhLTExZTYtOGY4OC0zNDM2M2JjN2M0YzAiOnsiY3JlYXRlIjoxMjAwMDAwMDAwMDAwLCJkZWxldGUiOjEyMDAwMDAwMDAwMDAsInVwZGF0ZSI6MTIwMDAwMDAwMDAwMH0sInNjaGVtYV92ZXJzaW9uIjoiMiJ9",
          "dependencies": [
            "module.cloud_build.google_cloudbuildv2_connection.github_connection",
            "module.cloud_build.google_cloudbuildv2_repository.repository",
            "module.cloud_build.google_secret_manager_secret.github-token-secret",
            "module.cloud_build.google_secret_manager_secret_version.github-token-secret-version",
            "module.service_account.google_service_account.cloudbuild_service_account"
          ]
        }
      ]
    },
    {
      "module": "module.cloud_build",
      "mode": "managed",
      "type": "google_cloudbuildv2_connection",
      "name": "github_connection",
      "provider": "provider[\"registry.terraform.io/hashicorp/google\"]",
      "instances": [
        {
          "schema_version": 0,
          "attributes": {
            "annotations": null,
            "bitbucket_cloud_config": [],
            "bitbucket_data_center_config": [],
            "create_time": "2024-11-02T10:03:57.553948168Z",
            "disabled": false,
            "effective_annotations": {},
            "etag": "YirxZpnd37ME-DsKmkMg8zbiTIMLVNrwd8jcQpmfPx8",
            "github_config": [
              {
                "app_installation_id": 56674188,
                "authorizer_credential": [
                  {
                    "oauth_token_secret_version": "projects/158751523704/secrets/github-token-secret/versions/1",
                    "username": ""
                  }
                ]
              }
            ],
            "github_enterprise_config": [],
            "gitlab_config": [],
            "id": "projects/suara-nusa-labs/locations/us-west1/connections/suara-nusa-connection",
            "installation_state": [
              {
                "action_uri": "",
                "message": "",
                "stage": "COMPLETE"
              }
            ],
            "location": "us-west1",
            "name": "suara-nusa-connection",
            "project": "suara-nusa-labs",
            "reconciling": false,
            "timeouts": null,
            "update_time": "2024-11-02T10:03:58.199283149Z"
          },
          "sensitive_attributes": [],
          "private": "eyJlMmJmYjczMC1lY2FhLTExZTYtOGY4OC0zNDM2M2JjN2M0YzAiOnsiY3JlYXRlIjoxMjAwMDAwMDAwMDAwLCJkZWxldGUiOjEyMDAwMDAwMDAwMDAsInVwZGF0ZSI6MTIwMDAwMDAwMDAwMH19",
          "dependencies": [
            "module.cloud_build.google_secret_manager_secret.github-token-secret",
            "module.cloud_build.google_secret_manager_secret_version.github-token-secret-version"
          ]
        }
      ]
    },
    {
      "module": "module.cloud_build",
      "mode": "managed",
      "type": "google_cloudbuildv2_repository",
      "name": "repository",
      "provider": "provider[\"registry.terraform.io/hashicorp/google\"]",
      "instances": [
        {
          "schema_version": 0,
          "attributes": {
            "annotations": null,
            "create_time": "2024-11-02T10:04:00.719795632Z",
            "effective_annotations": {},
            "etag": "0A7Xj_8_4oXp8Y0Fhd-o4dww0DhZRO7tZ_360xS_5Qo",
            "id": "projects/suara-nusa-labs/locations/us-west1/connections/suara-nusa-connection/repositories/suara-nusa-repository",
            "location": "us-west1",
            "name": "suara-nusa-repository",
            "parent_connection": "projects/suara-nusa-labs/locations/us-west1/connections/suara-nusa-connection",
            "project": "suara-nusa-labs",
            "remote_uri": "https://github.com/SuaraNusa/nest-suara-nusa-api.git",
            "timeouts": null,
            "update_time": "2024-11-02T10:04:01.508523035Z"
          },
          "sensitive_attributes": [],
          "private": "eyJlMmJmYjczMC1lY2FhLTExZTYtOGY4OC0zNDM2M2JjN2M0YzAiOnsiY3JlYXRlIjoxMjAwMDAwMDAwMDAwLCJkZWxldGUiOjEyMDAwMDAwMDAwMDB9fQ==",
          "dependencies": [
            "module.cloud_build.google_cloudbuildv2_connection.github_connection",
            "module.cloud_build.google_secret_manager_secret.github-token-secret",
            "module.cloud_build.google_secret_manager_secret_version.github-token-secret-version"
          ]
        }
      ]
    },
    {
      "module": "module.cloud_build",
      "mode": "managed",
      "type": "google_project_iam_member",
      "name": "cloudbuild_sa_secret_accessor",
      "provider": "provider[\"registry.terraform.io/hashicorp/google\"]",
      "instances": [
        {
          "schema_version": 0,
          "attributes": {
            "condition": [],
            "etag": "BwYl6yspkCk=",
            "id": "suara-nusa-labs/roles/secretmanager.secretAccessor/serviceAccount:service-158751523704@gcp-sa-cloudbuild.iam.gserviceaccount.com",
            "member": "serviceAccount:service-158751523704@gcp-sa-cloudbuild.iam.gserviceaccount.com",
            "project": "suara-nusa-labs",
            "role": "roles/secretmanager.secretAccessor"
          },
          "sensitive_attributes": [],
          "private": "bnVsbA=="
        }
      ]
    },
    {
      "module": "module.cloud_build",
      "mode": "managed",
      "type": "google_secret_manager_secret",
      "name": "github-token-secret",
      "provider": "provider[\"registry.terraform.io/hashicorp/google\"]",
      "instances": [
        {
          "schema_version": 0,
          "attributes": {
            "annotations": null,
            "create_time": "2024-11-02T10:03:47.824573Z",
            "effective_annotations": {},
            "effective_labels": {
              "goog-terraform-provisioned": "true"
            },
            "expire_time": "",
            "id": "projects/suara-nusa-labs/secrets/github-token-secret",
            "labels": null,
            "name": "projects/158751523704/secrets/github-token-secret",
            "project": "suara-nusa-labs",
            "replication": [
              {
                "auto": [
                  {
                    "customer_managed_encryption": []
                  }
                ],
                "user_managed": []
              }
            ],
            "rotation": [],
            "secret_id": "github-token-secret",
            "terraform_labels": {
              "goog-terraform-provisioned": "true"
            },
            "timeouts": null,
            "topics": [],
            "ttl": null,
            "version_aliases": null,
            "version_destroy_ttl": ""
          },
          "sensitive_attributes": [],
          "private": "eyJlMmJmYjczMC1lY2FhLTExZTYtOGY4OC0zNDM2M2JjN2M0YzAiOnsiY3JlYXRlIjoxMjAwMDAwMDAwMDAwLCJkZWxldGUiOjEyMDAwMDAwMDAwMDAsInVwZGF0ZSI6MTIwMDAwMDAwMDAwMH19"
        }
      ]
    },
    {
      "module": "module.cloud_build",
      "mode": "managed",
      "type": "google_secret_manager_secret_version",
      "name": "github-token-secret-version",
      "provider": "provider[\"registry.terraform.io/hashicorp/google\"]",
      "instances": [
        {
          "schema_version": 0,
          "attributes": {
            "create_time": "2024-11-02T10:03:53.164976Z",
            "deletion_policy": "DELETE",
            "destroy_time": "",
            "enabled": true,
            "id": "projects/158751523704/secrets/github-token-secret/versions/1",
            "is_secret_data_base64": false,
            "name": "projects/158751523704/secrets/github-token-secret/versions/1",
            "secret": "projects/suara-nusa-labs/secrets/github-token-secret",
            "secret_data": "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",
            "timeouts": null,
            "version": "1"
          },
          "sensitive_attributes": [
            [
              {
                "type": "get_attr",
                "value": "secret_data"
              }
            ]
          ],
          "private": "eyJlMmJmYjczMC1lY2FhLTExZTYtOGY4OC0zNDM2M2JjN2M0YzAiOnsiY3JlYXRlIjoxMjAwMDAwMDAwMDAwLCJkZWxldGUiOjEyMDAwMDAwMDAwMDAsInVwZGF0ZSI6MTIwMDAwMDAwMDAwMH19",
          "dependencies": [
            "module.cloud_build.google_secret_manager_secret.github-token-secret"
          ]
        }
      ]
    },
    {
      "module": "module.container_registry",
      "mode": "managed",
      "type": "google_artifact_registry_repository",
      "name": "suara-nusa-repository",
      "provider": "provider[\"registry.terraform.io/hashicorp/google\"]",
      "instances": [
        {
          "schema_version": 0,
          "attributes": {
            "cleanup_policies": [],
            "cleanup_policy_dry_run": false,
            "create_time": "2024-11-02T10:03:48.988374Z",
            "description": "Docker repository for using the schema registry",
            "docker_config": [],
            "effective_labels": {
              "goog-terraform-provisioned": "true"
            },
            "format": "DOCKER",
            "id": "projects/suara-nusa-labs/locations/us-west1/repositories/suara-nusa-labs",
            "kms_key_name": "",
            "labels": null,
            "location": "us-west1",
            "maven_config": [],
            "mode": "STANDARD_REPOSITORY",
            "name": "suara-nusa-labs",
            "project": "suara-nusa-labs",
            "remote_repository_config": [],
            "repository_id": "suara-nusa-labs",
            "terraform_labels": {
              "goog-terraform-provisioned": "true"
            },
            "timeouts": null,
            "update_time": "2024-11-02T10:03:48.988374Z",
            "virtual_repository_config": []
          },
          "sensitive_attributes": [],
          "private": "eyJlMmJmYjczMC1lY2FhLTExZTYtOGY4OC0zNDM2M2JjN2M0YzAiOnsiY3JlYXRlIjoxMjAwMDAwMDAwMDAwLCJkZWxldGUiOjEyMDAwMDAwMDAwMDAsInVwZGF0ZSI6MTIwMDAwMDAwMDAwMH19"
        }
      ]
    },
    {
      "module": "module.service_account",
      "mode": "managed",
      "type": "google_project_iam_member",
      "name": "act_as",
      "provider": "provider[\"registry.terraform.io/hashicorp/google\"]",
      "instances": [
        {
          "schema_version": 0,
          "attributes": {
            "condition": [],
            "etag": "BwYl6yv2Hjs=",
            "id": "suara-nusa-labs/roles/iam.serviceAccountUser/serviceAccount:cloudbuild-sa@suara-nusa-labs.iam.gserviceaccount.com",
            "member": "serviceAccount:cloudbuild-sa@suara-nusa-labs.iam.gserviceaccount.com",
            "project": "suara-nusa-labs",
            "role": "roles/iam.serviceAccountUser"
          },
          "sensitive_attributes": [],
          "private": "bnVsbA==",
          "dependencies": [
            "module.service_account.google_service_account.cloudbuild_service_account"
          ]
        }
      ]
    },
    {
      "module": "module.service_account",
      "mode": "managed",
      "type": "google_project_iam_member",
      "name": "logs_writer",
      "provider": "provider[\"registry.terraform.io/hashicorp/google\"]",
      "instances": [
        {
          "schema_version": 0,
          "attributes": {
            "condition": [],
            "etag": "BwYl6yv2Hjs=",
            "id": "suara-nusa-labs/roles/logging.logWriter/serviceAccount:cloudbuild-sa@suara-nusa-labs.iam.gserviceaccount.com",
            "member": "serviceAccount:cloudbuild-sa@suara-nusa-labs.iam.gserviceaccount.com",
            "project": "suara-nusa-labs",
            "role": "roles/logging.logWriter"
          },
          "sensitive_attributes": [],
          "private": "bnVsbA==",
          "dependencies": [
            "module.service_account.google_service_account.cloudbuild_service_account"
          ]
        }
      ]
    },
    {
      "module": "module.service_account",
      "mode": "managed",
      "type": "google_service_account",
      "name": "cloudbuild_service_account",
      "provider": "provider[\"registry.terraform.io/hashicorp/google\"]",
      "instances": [
        {
          "schema_version": 0,
          "attributes": {
            "account_id": "cloudbuild-sa",
            "create_ignore_already_exists": null,
            "description": "Cloud build service account",
            "disabled": false,
            "display_name": "cloudbuild-sa",
            "email": "cloudbuild-sa@suara-nusa-labs.iam.gserviceaccount.com",
            "id": "projects/suara-nusa-labs/serviceAccounts/cloudbuild-sa@suara-nusa-labs.iam.gserviceaccount.com",
            "member": "serviceAccount:cloudbuild-sa@suara-nusa-labs.iam.gserviceaccount.com",
            "name": "projects/suara-nusa-labs/serviceAccounts/cloudbuild-sa@suara-nusa-labs.iam.gserviceaccount.com",
            "project": "suara-nusa-labs",
            "timeouts": null,
            "unique_id": "100990463229775851797"
          },
          "sensitive_attributes": [],
          "private": "eyJlMmJmYjczMC1lY2FhLTExZTYtOGY4OC0zNDM2M2JjN2M0YzAiOnsiY3JlYXRlIjozMDAwMDAwMDAwMDB9fQ=="
        }
      ]
    },
    {
      "module": "module.service_account",
      "mode": "managed",
      "type": "google_service_account",
      "name": "service_account",
      "provider": "provider[\"registry.terraform.io/hashicorp/google\"]",
      "instances": [
        {
          "schema_version": 0,
          "attributes": {
            "account_id": "terraform-service-account",
            "create_ignore_already_exists": true,
            "description": "Service account for terraform",
            "disabled": false,
            "display_name": "Terraform Service Account",
            "email": "terraform-service-account@suara-nusa-labs.iam.gserviceaccount.com",
            "id": "projects/suara-nusa-labs/serviceAccounts/terraform-service-account@suara-nusa-labs.iam.gserviceaccount.com",
            "member": "serviceAccount:terraform-service-account@suara-nusa-labs.iam.gserviceaccount.com",
            "name": "projects/suara-nusa-labs/serviceAccounts/terraform-service-account@suara-nusa-labs.iam.gserviceaccount.com",
            "project": "suara-nusa-labs",
            "timeouts": null,
            "unique_id": "105988526134997891374"
          },
          "sensitive_attributes": [],
          "private": "eyJlMmJmYjczMC1lY2FhLTExZTYtOGY4OC0zNDM2M2JjN2M0YzAiOnsiY3JlYXRlIjozMDAwMDAwMDAwMDB9fQ=="
        }
      ]
    },
    {
      "module": "module.service_account",
      "mode": "managed",
      "type": "google_service_account_key",
      "name": "service_account_key",
      "provider": "provider[\"registry.terraform.io/hashicorp/google\"]",
      "instances": [
        {
          "schema_version": 0,
          "attributes": {
            "id": "projects/suara-nusa-labs/serviceAccounts/terraform-service-account@suara-nusa-labs.iam.gserviceaccount.com/keys/49f0edf92fa81b6e2c15c9ac6c79801b1e2e0900",
            "keepers": null,
            "key_algorithm": "KEY_ALG_RSA_2048",
            "name": "projects/suara-nusa-labs/serviceAccounts/terraform-service-account@suara-nusa-labs.iam.gserviceaccount.com/keys/49f0edf92fa81b6e2c15c9ac6c79801b1e2e0900",
            "private_key": "ewogICJ0eXBlIjogInNlcnZpY2VfYWNjb3VudCIsCiAgInByb2plY3RfaWQiOiAic3VhcmEtbnVzYS1sYWJzIiwKICAicHJpdmF0ZV9rZXlfaWQiOiAiNDlmMGVkZjkyZmE4MWI2ZTJjMTVjOWFjNmM3OTgwMWIxZTJlMDkwMCIsCiAgInByaXZhdGVfa2V5IjogIi0tLS0tQkVHSU4gUFJJVkFURSBLRVktLS0tLVxuTUlJRXZBSUJBREFOQmdrcWhraUc5dzBCQVFFRkFBU0NCS1l3Z2dTaUFnRUFBb0lCQVFEWDIwek9DU21uNHNPOVxuSjN4WmhoTmcxdUpETEZxNFVyeCt2d0pmaHY4UWNMSGZUeFdjTGlRa1ZYcEhUeEhERkFGcG1yK3VhSWZ5ME4wblxuQjFuY1NjUmoyM1ZoL1dyVkQ0MEJldHdNZG5oQmdLVnRJVExjUDFXRXNmcG9ET0ZSMGpOTGRLYW5RNHU3SXRXelxuMWxEWmxEa1ZucjZPTFA1TTdyNmYyRDMxdXZxZzlVZEo1eWR3VER0MWlodm51UFAzN1ozUnN3dGY1enYzeW85eVxua2RaVTRNS0JDeTlQSFRHTjFnZlBDQTdUN0I0aTNSUzFWMGNMeDNzampXaS9uVmNaNnhFNEh0TzNNRktmbDBDK1xuTjJCaWw0VWhIQnA4OGJ2QVpha01tbWNLeWthbDhoK2YwdWhDelkzcjRJTm1Hd0RLTGFwamN2aEdCREN1STNxd1xuOWdjeVJwSTlBZ01CQUFFQ2dnRUFJRE9JTmUxaWdEZmhSUGpjd1ZzeHpWN0pJc1c5WStWOTFyZW1nanM0bGtxRlxua245eEJSdFNDM1NQK1E3WDRyNzdoZlpPdFpWRkFLbDljR3JWa2pvVCtPU2Vrb2QwVmtRTFlFYmtpRnh0RExLRlxuR3k1YWNNWm0rdFIxTzJ2K2VnOE9WV21aeWZhVzVBd3FqcmxBVnZFWWdmdnNSL2Y0Mk4rOTRza20xeDkxYjZqWlxuV2NFOWtVbmRvQ1Erb2RGSjF0Q1BXVzk2cUdOOEphZzVYTXVLcnlPU2R0NmtIS0JNU0J0TTdXd0JZTDU4VFNQcFxuRS9LNG51VmEyUmtjNVgwaktpK1BVakxHVWRTeWJXTW5hZjVhTW8yNGs5S1cwOGxqeEhyUlJHMEcyN2pjSWErUlxuOUtxc3U3Q25TZDVsTTc0aFd2TTZrdjVRaG5CSnVlQ3RDOEdaNjZRMytRS0JnUUQ2a3FMMGhFTVlVcmhpNnhJS1xudWJXWENVMnE5MXBUbEhCWmRpaldrdk10RGplSGRML1AxSmJ5MG9RbVViUU9RSitQRS81TVZ0a1p5NmFCOW9XVlxuQmVaVCt6T0kwcnNIQzJ6M0tpbmZ0eGZtaVJGTjdTZjIzeVNBcCtScE05V1N3UnMreVVyRXc2bWp5bEtlc2czRVxuMzVxcU9wNnVVc2tjYWhJc1pGREY3RkQ0aVFLQmdRRGNpQ3ZMQWY1Q2d2Q01PclI0ZWZzeUNJVWNIMXhkLzdrMVxuUHVvNGI1UFNBOVdNU1djZVJsQktlQmFyNURMYysvUmVvM3IzRUdUL0cweDl3YXpXQUxPV0pPbHlNVlJBQmNwL1xuRWMzQVU3cmZLNlBuSXI1T0swVUFIWHN1SEdlY2FXUzZ2eEVtN0g4ZlhzbmpETkpnQjM0dFBLa1NISWRiWjdBT1xuOE9rYmo2YjNGUUtCZ0dXN2cwMmpKVnFLdXpIdUhyVWNFUTN4U1FkUXhldUpLTlFwbFFzSlBwSGNZODhySjNWSlxuNnI5TG1UdTFrRlQ1Qjg4Zlh1Ky9rd1ZXR1pSS2NwRytnM1UxV0FjRkI4b2thV2t3UlMvL05rVHpBWU9SOWRmVlxuWVF5YkhiRll5aTE3R1lTMFZSYnVHY0hXTXhVYlZWdkpMUkpRR256TVA3cTVsZ2RQOHp0b1pyZUJBb0dBY0ErcFxuNFRDVUdRd2NXOFdBNnk5ZzI1M0V0Zk9ocGdwSi9LcUpyai9VWjRXWFFBQVVyQ2VpcVJTNHdJUG03TEFERHd3WFxuY2ZBY3doMEhFMmdWQVhHOXorL1Z5RGNVenF1aXFFdE51QXRVREE5SzdDcVZkWGM3U3NHd1ZGQU92a1kzNzBValxuM0JtVXgwWU5aSmloVmphNGdSZ3YrWW9ScGZyY1ZkdEpPTDRZWTdrQ2dZQWd6ODR3VU5kaStnaXRua3JIRXhyZVxuZjhkdUxkZkxXSlJ5MWd6WXlPdGE4T05QSHllcHYvVkEyYVRqT3dxZStZbUlzVWNMWjhnbHN5NGJtWElXcDZudVxuUWEzUUFxUGpHMWZBeUtaQTFrUjB4a3NMOVJtUUY3M0FHajdweXhveW9TQWUzTy9GcDBJQWlFb0J1SVh5VE9oTVxuTW01RXREQ0Fnak5rK2tQb1lZL3RMdz09XG4tLS0tLUVORCBQUklWQVRFIEtFWS0tLS0tXG4iLAogICJjbGllbnRfZW1haWwiOiAidGVycmFmb3JtLXNlcnZpY2UtYWNjb3VudEBzdWFyYS1udXNhLWxhYnMuaWFtLmdzZXJ2aWNlYWNjb3VudC5jb20iLAogICJjbGllbnRfaWQiOiAiMTA1OTg4NTI2MTM0OTk3ODkxMzc0IiwKICAiYXV0aF91cmkiOiAiaHR0cHM6Ly9hY2NvdW50cy5nb29nbGUuY29tL28vb2F1dGgyL2F1dGgiLAogICJ0b2tlbl91cmkiOiAiaHR0cHM6Ly9vYXV0aDIuZ29vZ2xlYXBpcy5jb20vdG9rZW4iLAogICJhdXRoX3Byb3ZpZGVyX3g1MDlfY2VydF91cmwiOiAiaHR0cHM6Ly93d3cuZ29vZ2xlYXBpcy5jb20vb2F1dGgyL3YxL2NlcnRzIiwKICAiY2xpZW50X3g1MDlfY2VydF91cmwiOiAiaHR0cHM6Ly93d3cuZ29vZ2xlYXBpcy5jb20vcm9ib3QvdjEvbWV0YWRhdGEveDUwOS90ZXJyYWZvcm0tc2VydmljZS1hY2NvdW50JTQwc3VhcmEtbnVzYS1sYWJzLmlhbS5nc2VydmljZWFjY291bnQuY29tIiwKICAidW5pdmVyc2VfZG9tYWluIjogImdvb2dsZWFwaXMuY29tIgp9Cg==",
            "private_key_type": "TYPE_GOOGLE_CREDENTIALS_FILE",
            "public_key": "LS0tLS1CRUdJTiBDRVJUSUZJQ0FURS0tLS0tCk1JSUMvRENDQWVTZ0F3SUJBZ0lJT0dBbUpidXhXdE13RFFZSktvWklodmNOQVFFRkJRQXdJREVlTUJ3R0ExVUUKQXd3Vk1UQTFPVGc0TlRJMk1UTTBPVGszT0RreE16YzBNQ0FYRFRJME1URXdNakV3TURRd01Gb1lEems1T1RreApNak14TWpNMU9UVTVXakFnTVI0d0hBWURWUVFEREJVeE1EVTVPRGcxTWpZeE16UTVPVGM0T1RFek56UXdnZ0VpCk1BMEdDU3FHU0liM0RRRUJBUVVBQTRJQkR3QXdnZ0VLQW9JQkFRRFgyMHpPQ1NtbjRzTzlKM3haaGhOZzF1SkQKTEZxNFVyeCt2d0pmaHY4UWNMSGZUeFdjTGlRa1ZYcEhUeEhERkFGcG1yK3VhSWZ5ME4wbkIxbmNTY1JqMjNWaAovV3JWRDQwQmV0d01kbmhCZ0tWdElUTGNQMVdFc2Zwb0RPRlIwak5MZEthblE0dTdJdFd6MWxEWmxEa1ZucjZPCkxQNU03cjZmMkQzMXV2cWc5VWRKNXlkd1REdDFpaHZudVBQMzdaM1Jzd3RmNXp2M3lvOXlrZFpVNE1LQkN5OVAKSFRHTjFnZlBDQTdUN0I0aTNSUzFWMGNMeDNzampXaS9uVmNaNnhFNEh0TzNNRktmbDBDK04yQmlsNFVoSEJwOAo4YnZBWmFrTW1tY0t5a2FsOGgrZjB1aEN6WTNyNElObUd3REtMYXBqY3ZoR0JEQ3VJM3F3OWdjeVJwSTlBZ01CCkFBR2pPREEyTUF3R0ExVWRFd0VCL3dRQ01BQXdEZ1lEVlIwUEFRSC9CQVFEQWdlQU1CWUdBMVVkSlFFQi93UU0KTUFvR0NDc0dBUVVGQndNQ01BMEdDU3FHU0liM0RRRUJCUVVBQTRJQkFRQm1mUUhVczZuQ0dvTFlKaVlvV2JTRgpScGdpcGptdDdJY2JkTHpTdTBXTDkxN2liSjJDSDdhUFBtRldza2FzRVZrM25yVTc5MjZacWRreTlKYlAzWTI5CjduZ096UWp5ODREbElubWgxbktCQm5rYkFzZ1dta0dmVzk2TlRJeURCUmNxWDVlUnNmeUdPeVJsSGg2T1ErZGoKWFhGWmpPd3FTREo0T2x1eFBHU2FmZVN3RGVyTzZJYy9jaUxGdVB1YlRUeVc1VWpmMXorYXU4NThleTNUSHdTSgo4allvN0VkWmd1RjhES1pPOFdxdGVBTy9FdTBoK25EVitHUmYydEJKcmFHQTVCL2c3T3M5dVRITlRSVzVpQVM0CkdaekZnZjdkQ05TbkhlbEs2dWZNYkNRRFZId3Z5UjdLWmoraHlQMDRSc28zQ3RnUXNkK1J0U2F4MFdCRjZZWlAKLS0tLS1FTkQgQ0VSVElGSUNBVEUtLS0tLQo=",
            "public_key_data": null,
            "public_key_type": "TYPE_X509_PEM_FILE",
            "service_account_id": "terraform-service-account@suara-nusa-labs.iam.gserviceaccount.com",
            "valid_after": "2024-11-02T10:04:00Z",
            "valid_before": "9999-12-31T23:59:59Z"
          },
          "sensitive_attributes": [
            [
              {
                "type": "get_attr",
                "value": "private_key"
              }
            ]
          ],
          "private": "bnVsbA==",
          "dependencies": [
            "module.service_account.google_service_account.service_account"
          ]
        }
      ]
    }
  ],
  "check_results": null
}
